
Microsoft Visual Studio Solution File, Format Version 12.00
# Visual Studio Version 16
VisualStudioVersion = 16.0.29728.190
MinimumVisualStudioVersion = 10.0.40219.1
Project("{FAE04EC0-301F-11D3-BF4B-00C04F79EFBC}") = "Lab 11. XML", "Lab 11. XML.csproj", "{3C2893E5-891E-4D93-8EF7-19D35DB44289}"
EndProject
Global
	GlobalSection(SolutionConfigurationPlatforms) = preSolution
		Debug|Any CPU = Debug|Any CPU
		Release|Any CPU = Release|Any CPU
	EndGlobalSection
	GlobalSection(ProjectConfigurationPlatforms) = postSolution
		{3C2893E5-891E-4D93-8EF7-19D35DB44289}.Debug|Any CPU.ActiveCfg = Debug|Any CPU
		{3C2893E5-891E-4D93-8EF7-19D35DB44289}.Debug|Any CPU.Build.0 = Debug|Any CPU
		{3C2893E5-891E-4D93-8EF7-19D35DB44289}.Release|Any CPU.ActiveCfg = Release|Any CPU
		{3C2893E5-891E-4D93-8EF7-19D35DB44289}.Release|Any CPU.Build.0 = Release|Any CPU
	EndGlobalSection
	GlobalSection(SolutionProperties) = preSolution
		HideSolutionNode = FALSE
	EndGlobalSection
	GlobalSection(ExtensibilityGlobals) = postSolution
		SolutionGuid = {C686E25C-1AD1-4B81-B661-041F8C769851}
	EndGlobalSection
EndGlobal
