
Microsoft Visual Studio Solution File, Format Version 12.00
# Visual Studio Version 16
VisualStudioVersion = 16.0.29728.190
MinimumVisualStudioVersion = 10.0.40219.1
Project("{FAE04EC0-301F-11D3-BF4B-00C04F79EFBC}") = "Lab 6. Ranking", "Lab 6. Ranking.csproj", "{C6B4F802-7104-44F3-A0E2-D7B39914A4C2}"
EndProject
Global
	GlobalSection(SolutionConfigurationPlatforms) = preSolution
		Debug|Any CPU = Debug|Any CPU
		Release|Any CPU = Release|Any CPU
	EndGlobalSection
	GlobalSection(ProjectConfigurationPlatforms) = postSolution
		{C6B4F802-7104-44F3-A0E2-D7B39914A4C2}.Debug|Any CPU.ActiveCfg = Debug|Any CPU
		{C6B4F802-7104-44F3-A0E2-D7B39914A4C2}.Debug|Any CPU.Build.0 = Debug|Any CPU
		{C6B4F802-7104-44F3-A0E2-D7B39914A4C2}.Release|Any CPU.ActiveCfg = Release|Any CPU
		{C6B4F802-7104-44F3-A0E2-D7B39914A4C2}.Release|Any CPU.Build.0 = Release|Any CPU
	EndGlobalSection
	GlobalSection(SolutionProperties) = preSolution
		HideSolutionNode = FALSE
	EndGlobalSection
	GlobalSection(ExtensibilityGlobals) = postSolution
		SolutionGuid = {94FC777D-55DA-4D8F-BF76-E1CCCAEA07B4}
	EndGlobalSection
EndGlobal
